{
	"name": "btv",
	"version": "0.0.0",
	"lockfileVersion": 3,
	"requires": true,
	"packages": {
		"": {
			"name": "btv",
			"version": "0.0.0",
			"license": "UNLICENSED",
			"dependencies": {
			},
			"devDependencies": {

			},
			"optionalDependencies": {
				"@nx/nx-linux-x64-gnu": "^16.8.1",
				"esbuild-darwin-arm64": "^0.15.18"
			}
		}
	}
}
